
Microsoft Visual Studio Solution File, Format Version 12.00
Project("{2150E333-8FDC-42A3-9474-1A3956D46DE8}") = "Core", "Core", "{3129F9D1-B029-44A6-B678-123E4FED91B6}"
EndProject
Project("{2150E333-8FDC-42A3-9474-1A3956D46DE8}") = "Project", "Project", "{AD16FC6C-0DCD-4468-8A36-59C657BCAD10}"
EndProject
Project("{FAE04EC0-301F-11D3-BF4B-00C04F79EFBC}") = "_Domain", "_Domain\_Domain.csproj", "{5DBD537D-9552-4EB2-BE98-8B1BB07D0063}"
EndProject
Project("{FAE04EC0-301F-11D3-BF4B-00C04F79EFBC}") = "Infrastructure", "Infrastructure\Infrastructure.csproj", "{724CB5CF-4E99-411D-80DF-C2A30A8850DE}"
EndProject
Project("{FAE04EC0-301F-11D3-BF4B-00C04F79EFBC}") = "Application", "Application\Application.csproj", "{C9EDF770-AF7E-40FE-B7B4-178B86CE203E}"
EndProject
Project("{FAE04EC0-301F-11D3-BF4B-00C04F79EFBC}") = "Presentation", "Presentation\Presentation.csproj", "{2079E0A2-0375-4BF7-B019-4FF92E3C8D46}"
EndProject
Project("{FAE04EC0-301F-11D3-BF4B-00C04F79EFBC}") = "Demo", "Demo\Demo.csproj", "{0D03D2D2-82D3-4D25-B0C5-F19B183235A4}"
EndProject
Global
	GlobalSection(SolutionConfigurationPlatforms) = preSolution
		Debug|Any CPU = Debug|Any CPU
		Release|Any CPU = Release|Any CPU
	EndGlobalSection
	GlobalSection(NestedProjects) = preSolution
		{5DBD537D-9552-4EB2-BE98-8B1BB07D0063} = {AD16FC6C-0DCD-4468-8A36-59C657BCAD10}
		{724CB5CF-4E99-411D-80DF-C2A30A8850DE} = {AD16FC6C-0DCD-4468-8A36-59C657BCAD10}
		{C9EDF770-AF7E-40FE-B7B4-178B86CE203E} = {AD16FC6C-0DCD-4468-8A36-59C657BCAD10}
		{2079E0A2-0375-4BF7-B019-4FF92E3C8D46} = {AD16FC6C-0DCD-4468-8A36-59C657BCAD10}
		{0D03D2D2-82D3-4D25-B0C5-F19B183235A4} = {AD16FC6C-0DCD-4468-8A36-59C657BCAD10}
	EndGlobalSection
	GlobalSection(ProjectConfigurationPlatforms) = postSolution
		{5DBD537D-9552-4EB2-BE98-8B1BB07D0063}.Debug|Any CPU.ActiveCfg = Debug|Any CPU
		{5DBD537D-9552-4EB2-BE98-8B1BB07D0063}.Debug|Any CPU.Build.0 = Debug|Any CPU
		{5DBD537D-9552-4EB2-BE98-8B1BB07D0063}.Release|Any CPU.ActiveCfg = Release|Any CPU
		{5DBD537D-9552-4EB2-BE98-8B1BB07D0063}.Release|Any CPU.Build.0 = Release|Any CPU
		{724CB5CF-4E99-411D-80DF-C2A30A8850DE}.Debug|Any CPU.ActiveCfg = Debug|Any CPU
		{724CB5CF-4E99-411D-80DF-C2A30A8850DE}.Debug|Any CPU.Build.0 = Debug|Any CPU
		{724CB5CF-4E99-411D-80DF-C2A30A8850DE}.Release|Any CPU.ActiveCfg = Release|Any CPU
		{724CB5CF-4E99-411D-80DF-C2A30A8850DE}.Release|Any CPU.Build.0 = Release|Any CPU
		{C9EDF770-AF7E-40FE-B7B4-178B86CE203E}.Debug|Any CPU.ActiveCfg = Debug|Any CPU
		{C9EDF770-AF7E-40FE-B7B4-178B86CE203E}.Debug|Any CPU.Build.0 = Debug|Any CPU
		{C9EDF770-AF7E-40FE-B7B4-178B86CE203E}.Release|Any CPU.ActiveCfg = Release|Any CPU
		{C9EDF770-AF7E-40FE-B7B4-178B86CE203E}.Release|Any CPU.Build.0 = Release|Any CPU
		{2079E0A2-0375-4BF7-B019-4FF92E3C8D46}.Debug|Any CPU.ActiveCfg = Debug|Any CPU
		{2079E0A2-0375-4BF7-B019-4FF92E3C8D46}.Debug|Any CPU.Build.0 = Debug|Any CPU
		{2079E0A2-0375-4BF7-B019-4FF92E3C8D46}.Release|Any CPU.ActiveCfg = Release|Any CPU
		{2079E0A2-0375-4BF7-B019-4FF92E3C8D46}.Release|Any CPU.Build.0 = Release|Any CPU
		{0D03D2D2-82D3-4D25-B0C5-F19B183235A4}.Debug|Any CPU.ActiveCfg = Debug|Any CPU
		{0D03D2D2-82D3-4D25-B0C5-F19B183235A4}.Debug|Any CPU.Build.0 = Debug|Any CPU
		{0D03D2D2-82D3-4D25-B0C5-F19B183235A4}.Release|Any CPU.ActiveCfg = Release|Any CPU
		{0D03D2D2-82D3-4D25-B0C5-F19B183235A4}.Release|Any CPU.Build.0 = Release|Any CPU
	EndGlobalSection
EndGlobal
